{"is_source_file": false, "format": null, "description": "", "external_files": [], "external_methods": [], "published": [], "classes": [], "methods": [], "calls": [], "search-terms": [], "state": 2, "file_id": 10, "knowledge_revision": 24, "git_revision": "a3e4416706563aaad6e59e8f6c1ff63673c597a0", "filename": "/home/kavia/workspace/code-generation/elephant-insights-exploring-behavior-conservation-and-ecology-94833-94840/main_container_for_elephant_insights/post_process_status.lock", "hash": "9c4ed7ef73e22b872b8055bec08b8979", "format-version": 4, "code-base-name": "default", "revision_history": [{"24": "a3e4416706563aaad6e59e8f6c1ff63673c597a0"}]}